
Microsoft Visual Studio Solution File, Format Version 12.00
# Visual Studio 15
VisualStudioVersion = 15.0.27130.2020
MinimumVisualStudioVersion = 10.0.40219.1
Project("{FAE04EC0-301F-11D3-BF4B-00C04F79EFBC}") = "NeuralNetwork", "ConsoleApp1\NeuralNetwork.csproj", "{9356656B-64EC-4BA9-AD94-4ED710C95F1F}"
EndProject
Project("{FAE04EC0-301F-11D3-BF4B-00C04F79EFBC}") = "UI", "UI\UI.csproj", "{442B0211-F349-4C59-AEE6-42D13058D99B}"
EndProject
Global
	GlobalSection(SolutionConfigurationPlatforms) = preSolution
		Debug|Any CPU = Debug|Any CPU
		Release|Any CPU = Release|Any CPU
	EndGlobalSection
	GlobalSection(ProjectConfigurationPlatforms) = postSolution
		{9356656B-64EC-4BA9-AD94-4ED710C95F1F}.Debug|Any CPU.ActiveCfg = Debug|Any CPU
		{9356656B-64EC-4BA9-AD94-4ED710C95F1F}.Debug|Any CPU.Build.0 = Debug|Any CPU
		{9356656B-64EC-4BA9-AD94-4ED710C95F1F}.Release|Any CPU.ActiveCfg = Release|Any CPU
		{9356656B-64EC-4BA9-AD94-4ED710C95F1F}.Release|Any CPU.Build.0 = Release|Any CPU
		{442B0211-F349-4C59-AEE6-42D13058D99B}.Debug|Any CPU.ActiveCfg = Debug|Any CPU
		{442B0211-F349-4C59-AEE6-42D13058D99B}.Debug|Any CPU.Build.0 = Debug|Any CPU
		{442B0211-F349-4C59-AEE6-42D13058D99B}.Release|Any CPU.ActiveCfg = Release|Any CPU
		{442B0211-F349-4C59-AEE6-42D13058D99B}.Release|Any CPU.Build.0 = Release|Any CPU
	EndGlobalSection
	GlobalSection(SolutionProperties) = preSolution
		HideSolutionNode = FALSE
	EndGlobalSection
	GlobalSection(ExtensibilityGlobals) = postSolution
		SolutionGuid = {F79F177F-2CEA-44F7-BA80-60C0E00115D7}
	EndGlobalSection
EndGlobal
